<?xml version="1.0" encoding="utf-8"?>
<Project ToolsVersion="4.0" xmlns="http://schemas.microsoft.com/developer/msbuild/2003">
  <ItemGroup>
    <Filter Include="源文件">
      <UniqueIdentifier>{4FC737F1-C7A5-4376-A066-2A32D752A2FF}</UniqueIdentifier>
      <Extensions>cpp;c;cc;cxx;c++;cppm;ixx;def;odl;idl;hpj;bat;asm;asmx</Extensions>
    </Filter>
    <Filter Include="头文件">
      <UniqueIdentifier>{93995380-89BD-4b04-88EB-625FBE52EBFB}</UniqueIdentifier>
      <Extensions>h;hh;hpp;hxx;h++;hm;inl;inc;ipp;xsd</Extensions>
    </Filter>
    <Filter Include="资源文件">
      <UniqueIdentifier>{67DA6AB6-F800-4c08-8B7A-83BB121AAD01}</UniqueIdentifier>
      <Extensions>rc;ico;cur;bmp;dlg;rc2;rct;bin;rgs;gif;jpg;jpeg;jpe;resx;tiff;tif;png;wav;mfcribbon-ms</Extensions>
    </Filter>
  </ItemGroup>
  <ItemGroup>
    <ClCompile Include="dumpbin.cpp">
      <Filter>源文件</Filter>
    </ClCompile>
    <ClCompile Include="PeHeader.cpp">
      <Filter>源文件</Filter>
    </ClCompile>
    <ClCompile Include="Export.cpp">
      <Filter>源文件</Filter>
    </ClCompile>
    <ClCompile Include="Import.cpp">
      <Filter>源文件</Filter>
    </ClCompile>
    <ClCompile Include="Resource.cpp">
      <Filter>源文件</Filter>
    </ClCompile>
    <ClCompile Include="Exception.cpp">
      <Filter>源文件</Filter>
    </ClCompile>
    <ClCompile Include="Security.cpp">
      <Filter>源文件</Filter>
    </ClCompile>
    <ClCompile Include="BaseReloc.cpp">
      <Filter>源文件</Filter>
    </ClCompile>
    <ClCompile Include="Debug.cpp">
      <Filter>源文件</Filter>
    </ClCompile>
    <ClCompile Include="Architecture.cpp">
      <Filter>源文件</Filter>
    </ClCompile>
    <ClCompile Include="Globalptr.cpp">
      <Filter>源文件</Filter>
    </ClCompile>
    <ClCompile Include="TLS.cpp">
      <Filter>源文件</Filter>
    </ClCompile>
    <ClCompile Include="LoadConfig.cpp">
      <Filter>源文件</Filter>
    </ClCompile>
    <ClCompile Include="BoundImport.cpp">
      <Filter>源文件</Filter>
    </ClCompile>
    <ClCompile Include="IAT.cpp">
      <Filter>源文件</Filter>
    </ClCompile>
    <ClCompile Include="DelayImport.cpp">
      <Filter>源文件</Filter>
    </ClCompile>
    <ClCompile Include="ComDescriptor.cpp">
      <Filter>源文件</Filter>
    </ClCompile>
    <ClCompile Include="Public.cpp">
      <Filter>源文件</Filter>
    </ClCompile>
    <ClCompile Include="log.cpp">
      <Filter>源文件</Filter>
    </ClCompile>
    <ClCompile Include="PrintBinary.cpp">
      <Filter>源文件</Filter>
    </ClCompile>
    <ClCompile Include="Disasm.cpp">
      <Filter>源文件</Filter>
    </ClCompile>
    <ClCompile Include="SaveFile.cpp">
      <Filter>源文件</Filter>
    </ClCompile>
    <ClCompile Include="openssl.cpp">
      <Filter>源文件</Filter>
    </ClCompile>
    <ClCompile Include="..\lib\tiny-asn1\src\tiny-asn1.c">
      <Filter>源文件</Filter>
    </ClCompile>
  </ItemGroup>
  <ItemGroup>
    <ClInclude Include="PeHeader.h">
      <Filter>头文件</Filter>
    </ClInclude>
    <ClInclude Include="Export.h">
      <Filter>头文件</Filter>
    </ClInclude>
    <ClInclude Include="Import.h">
      <Filter>头文件</Filter>
    </ClInclude>
    <ClInclude Include="Resource.h">
      <Filter>头文件</Filter>
    </ClInclude>
    <ClInclude Include="Exception.h">
      <Filter>头文件</Filter>
    </ClInclude>
    <ClInclude Include="Security.h">
      <Filter>头文件</Filter>
    </ClInclude>
    <ClInclude Include="BaseReloc.h">
      <Filter>头文件</Filter>
    </ClInclude>
    <ClInclude Include="Debug.h">
      <Filter>头文件</Filter>
    </ClInclude>
    <ClInclude Include="Architecture.h">
      <Filter>头文件</Filter>
    </ClInclude>
    <ClInclude Include="Globalptr.h">
      <Filter>头文件</Filter>
    </ClInclude>
    <ClInclude Include="TLS.h">
      <Filter>头文件</Filter>
    </ClInclude>
    <ClInclude Include="LoadConfig.h">
      <Filter>头文件</Filter>
    </ClInclude>
    <ClInclude Include="BoundImport.h">
      <Filter>头文件</Filter>
    </ClInclude>
    <ClInclude Include="IAT.h">
      <Filter>头文件</Filter>
    </ClInclude>
    <ClInclude Include="DelayImport.h">
      <Filter>头文件</Filter>
    </ClInclude>
    <ClInclude Include="ComDescriptor.h">
      <Filter>头文件</Filter>
    </ClInclude>
    <ClInclude Include="Public.h">
      <Filter>头文件</Filter>
    </ClInclude>
    <ClInclude Include="log.h">
      <Filter>头文件</Filter>
    </ClInclude>
    <ClInclude Include="pch.h">
      <Filter>头文件</Filter>
    </ClInclude>
    <ClInclude Include="PrintBinary.h">
      <Filter>头文件</Filter>
    </ClInclude>
    <ClInclude Include="Disasm.h">
      <Filter>头文件</Filter>
    </ClInclude>
    <ClInclude Include="SaveFile.h">
      <Filter>头文件</Filter>
    </ClInclude>
    <ClInclude Include="openssl.h">
      <Filter>头文件</Filter>
    </ClInclude>
    <ClInclude Include="resource1.h">
      <Filter>头文件</Filter>
    </ClInclude>
    <ClInclude Include="..\lib\tiny-asn1\src\tiny-asn1.h">
      <Filter>头文件</Filter>
    </ClInclude>
  </ItemGroup>
  <ItemGroup>
    <ResourceCompile Include="dumpbin.rc">
      <Filter>资源文件</Filter>
    </ResourceCompile>
  </ItemGroup>
</Project>